
Microsoft Visual Studio Solution File, Format Version 12.00
# Visual Studio Version 17
VisualStudioVersion = 17.13.35825.156 d17.13
MinimumVisualStudioVersion = 10.0.40219.1
Project("{FAE04EC0-301F-11D3-BF4B-00C04F79EFBC}") = "InventoryManagementSystem", "InventoryManagementSystem.csproj", "{DFFD82CB-F8EF-4057-9A21-AE76B8253046}"
EndProject
Global
	GlobalSection(SolutionConfigurationPlatforms) = preSolution
		Debug|Any CPU = Debug|Any CPU
		Release|Any CPU = Release|Any CPU
	EndGlobalSection
	GlobalSection(ProjectConfigurationPlatforms) = postSolution
		{DFFD82CB-F8EF-4057-9A21-AE76B8253046}.Debug|Any CPU.ActiveCfg = Debug|Any CPU
		{DFFD82CB-F8EF-4057-9A21-AE76B8253046}.Debug|Any CPU.Build.0 = Debug|Any CPU
		{DFFD82CB-F8EF-4057-9A21-AE76B8253046}.Release|Any CPU.ActiveCfg = Release|Any CPU
		{DFFD82CB-F8EF-4057-9A21-AE76B8253046}.Release|Any CPU.Build.0 = Release|Any CPU
	EndGlobalSection
	GlobalSection(SolutionProperties) = preSolution
		HideSolutionNode = FALSE
	EndGlobalSection
	GlobalSection(ExtensibilityGlobals) = postSolution
		SolutionGuid = {7609AE80-CA75-4E03-966F-166E5B5810C8}
	EndGlobalSection
EndGlobal
